
Microsoft Visual Studio Solution File, Format Version 12.00
# Visual Studio Version 17
VisualStudioVersion = 17.0.31903.59
MinimumVisualStudioVersion = 10.0.40219.1
Project("{2150E333-8FDC-42A3-9474-1A3956D46DE8}") = "FullAluDoor.DeviceAgent", "FullAluDoor.DeviceAgent", "{817A2BD0-A80B-F58C-00DC-69745905353A}"
EndProject
Project("{FAE04EC0-301F-11D3-BF4B-00C04F79EFBC}") = "FullAluDoor.DeviceAgent", "FullAluDoor.DeviceAgent\FullAluDoor.DeviceAgent\FullAluDoor.DeviceAgent.csproj", "{FDB2F62E-EFA2-4F45-BD51-326252F5C3EC}"
EndProject
Project("{FAE04EC0-301F-11D3-BF4B-00C04F79EFBC}") = "FullAluDoor.DeviceAgent.Tests", "tests\FullAluDoor.DeviceAgent.Tests\FullAluDoor.DeviceAgent.Tests.csproj", "{F56BCC8F-B31F-469A-AF5D-E6A2076C22D2}"
EndProject
Global
	GlobalSection(SolutionConfigurationPlatforms) = preSolution
		Debug|Any CPU = Debug|Any CPU
		Debug|x64 = Debug|x64
		Debug|x86 = Debug|x86
		Release|Any CPU = Release|Any CPU
		Release|x64 = Release|x64
		Release|x86 = Release|x86
	EndGlobalSection
	GlobalSection(ProjectConfigurationPlatforms) = postSolution
		{FDB2F62E-EFA2-4F45-BD51-326252F5C3EC}.Debug|Any CPU.ActiveCfg = Debug|Any CPU
		{FDB2F62E-EFA2-4F45-BD51-326252F5C3EC}.Debug|Any CPU.Build.0 = Debug|Any CPU
		{FDB2F62E-EFA2-4F45-BD51-326252F5C3EC}.Debug|x64.ActiveCfg = Debug|Any CPU
		{FDB2F62E-EFA2-4F45-BD51-326252F5C3EC}.Debug|x64.Build.0 = Debug|Any CPU
		{FDB2F62E-EFA2-4F45-BD51-326252F5C3EC}.Debug|x86.ActiveCfg = Debug|Any CPU
		{FDB2F62E-EFA2-4F45-BD51-326252F5C3EC}.Debug|x86.Build.0 = Debug|Any CPU
		{FDB2F62E-EFA2-4F45-BD51-326252F5C3EC}.Release|Any CPU.ActiveCfg = Release|Any CPU
		{FDB2F62E-EFA2-4F45-BD51-326252F5C3EC}.Release|Any CPU.Build.0 = Release|Any CPU
		{FDB2F62E-EFA2-4F45-BD51-326252F5C3EC}.Release|x64.ActiveCfg = Release|Any CPU
		{FDB2F62E-EFA2-4F45-BD51-326252F5C3EC}.Release|x64.Build.0 = Release|Any CPU
		{FDB2F62E-EFA2-4F45-BD51-326252F5C3EC}.Release|x86.ActiveCfg = Release|Any CPU
		{FDB2F62E-EFA2-4F45-BD51-326252F5C3EC}.Release|x86.Build.0 = Release|Any CPU
		{F56BCC8F-B31F-469A-AF5D-E6A2076C22D2}.Debug|Any CPU.ActiveCfg = Debug|Any CPU
		{F56BCC8F-B31F-469A-AF5D-E6A2076C22D2}.Debug|Any CPU.Build.0 = Debug|Any CPU
		{F56BCC8F-B31F-469A-AF5D-E6A2076C22D2}.Debug|x64.ActiveCfg = Debug|Any CPU
		{F56BCC8F-B31F-469A-AF5D-E6A2076C22D2}.Debug|x64.Build.0 = Debug|Any CPU
		{F56BCC8F-B31F-469A-AF5D-E6A2076C22D2}.Debug|x86.ActiveCfg = Debug|Any CPU
		{F56BCC8F-B31F-469A-AF5D-E6A2076C22D2}.Debug|x86.Build.0 = Debug|Any CPU
		{F56BCC8F-B31F-469A-AF5D-E6A2076C22D2}.Release|Any CPU.ActiveCfg = Release|Any CPU
		{F56BCC8F-B31F-469A-AF5D-E6A2076C22D2}.Release|Any CPU.Build.0 = Release|Any CPU
		{F56BCC8F-B31F-469A-AF5D-E6A2076C22D2}.Release|x64.ActiveCfg = Release|Any CPU
		{F56BCC8F-B31F-469A-AF5D-E6A2076C22D2}.Release|x64.Build.0 = Release|Any CPU
		{F56BCC8F-B31F-469A-AF5D-E6A2076C22D2}.Release|x86.ActiveCfg = Release|Any CPU
		{F56BCC8F-B31F-469A-AF5D-E6A2076C22D2}.Release|x86.Build.0 = Release|Any CPU
	EndGlobalSection
	GlobalSection(SolutionProperties) = preSolution
		HideSolutionNode = FALSE
	EndGlobalSection
	GlobalSection(NestedProjects) = preSolution
		{FDB2F62E-EFA2-4F45-BD51-326252F5C3EC} = {817A2BD0-A80B-F58C-00DC-69745905353A}
		{F56BCC8F-B31F-469A-AF5D-E6A2076C22D2} = {817A2BD0-A80B-F58C-00DC-69745905353A}
	EndGlobalSection
EndGlobal
